
Microsoft Visual Studio Solution File, Format Version 12.00
# Visual Studio Version 16
VisualStudioVersion = 16.0.30011.22
MinimumVisualStudioVersion = 10.0.40219.1
Project("{FAE04EC0-301F-11D3-BF4B-00C04F79EFBC}") = "YouZack.ASPNetCore", "YouZack.ASPNetCore.csproj", "{45094EDB-D19F-4250-ADA0-450A4A3B0983}"
EndProject
Global
	GlobalSection(SolutionConfigurationPlatforms) = preSolution
		Debug|Any CPU = Debug|Any CPU
		Release|Any CPU = Release|Any CPU
	EndGlobalSection
	GlobalSection(ProjectConfigurationPlatforms) = postSolution
		{45094EDB-D19F-4250-ADA0-450A4A3B0983}.Debug|Any CPU.ActiveCfg = Debug|Any CPU
		{45094EDB-D19F-4250-ADA0-450A4A3B0983}.Debug|Any CPU.Build.0 = Debug|Any CPU
		{45094EDB-D19F-4250-ADA0-450A4A3B0983}.Release|Any CPU.ActiveCfg = Release|Any CPU
		{45094EDB-D19F-4250-ADA0-450A4A3B0983}.Release|Any CPU.Build.0 = Release|Any CPU
	EndGlobalSection
	GlobalSection(SolutionProperties) = preSolution
		HideSolutionNode = FALSE
	EndGlobalSection
	GlobalSection(ExtensibilityGlobals) = postSolution
		SolutionGuid = {29B4F775-1858-4C88-934B-DEEAA60615AE}
	EndGlobalSection
EndGlobal
